// !$*UTF8*$!
{
	archiveVersion = 1;
	classes = {
	};
	objectVersion = 56;
	objects = {

/* Begin PBXBuildFile section */
		3010DCC72F66A9B1002EE101 /* RoomDetailViewController.swift in Sources */ = {isa = PBXBuildFile; fileRef = 3010DCC62F66A9B1002EE101 /* RoomDetailViewController.swift */; };
		3010DCC92F66BE0D002EE101 /* Service.swift in Sources */ = {isa = PBXBuildFile; fileRef = 3010DCC82F66BE0D002EE101 /* Service.swift */; };
		3010DCCB2F66BF16002EE101 /* ServiceManagementViewController.swift in Sources */ = {isa = PBXBuildFile; fileRef = 3010DCCA2F66BF16002EE101 /* ServiceManagementViewController.swift */; };
		3010DCCD2F66C304002EE101 /* ServiceDetailViewController.swift in Sources */ = {isa = PBXBuildFile; fileRef = 3010DCCC2F66C304002EE101 /* ServiceDetailViewController.swift */; };
		3010DCCF2F66C673002EE101 /* Invoice.swift in Sources */ = {isa = PBXBuildFile; fileRef = 3010DCCE2F66C673002EE101 /* Invoice.swift */; };
		3039D3362F786032005CAB99 /* ServiceTableViewCell.swift in Sources */ = {isa = PBXBuildFile; fileRef = 3039D3352F786032005CAB99 /* ServiceTableViewCell.swift */; };
		3039D3382F786797005CAB99 /* InvoiceTableViewCell.swift in Sources */ = {isa = PBXBuildFile; fileRef = 3039D3372F786797005CAB99 /* InvoiceTableViewCell.swift */; };
		3080AFE72F77CF9F00F97C5C /* Promotion.swift in Sources */ = {isa = PBXBuildFile; fileRef = 3080AFE62F77CF9F00F97C5C /* Promotion.swift */; };
		3080AFE92F77D16C00F97C5C /* PromotionViewController.swift in Sources */ = {isa = PBXBuildFile; fileRef = 3080AFE82F77D16C00F97C5C /* PromotionViewController.swift */; };
		308C2B102F656E9700E3EE04 /* Room.swift in Sources */ = {isa = PBXBuildFile; fileRef = 308C2B0F2F656E9700E3EE04 /* Room.swift */; };
		30A9999B2F7845C4001E5C45 /* RoomTableViewCell.swift in Sources */ = {isa = PBXBuildFile; fileRef = 30A9999A2F7845C4001E5C45 /* RoomTableViewCell.swift */; };
		30B1011B2F654F46009B5DA5 /* AppDelegate.swift in Sources */ = {isa = PBXBuildFile; fileRef = 30B1011A2F654F46009B5DA5 /* AppDelegate.swift */; };
		30B1011D2F654F46009B5DA5 /* SceneDelegate.swift in Sources */ = {isa = PBXBuildFile; fileRef = 30B1011C2F654F46009B5DA5 /* SceneDelegate.swift */; };
		30B1011F2F654F46009B5DA5 /* ViewController.swift in Sources */ = {isa = PBXBuildFile; fileRef = 30B1011E2F654F46009B5DA5 /* ViewController.swift */; };
		30B101222F654F46009B5DA5 /* Main.storyboard in Resources */ = {isa = PBXBuildFile; fileRef = 30B101202F654F46009B5DA5 /* Main.storyboard */; };
		30B101242F654F47009B5DA5 /* Assets.xcassets in Resources */ = {isa = PBXBuildFile; fileRef = 30B101232F654F47009B5DA5 /* Assets.xcassets */; };
		30B101272F654F47009B5DA5 /* LaunchScreen.storyboard in Resources */ = {isa = PBXBuildFile; fileRef = 30B101252F654F47009B5DA5 /* LaunchScreen.storyboard */; };
		30B101322F654F47009B5DA5 /* DOanTests.swift in Sources */ = {isa = PBXBuildFile; fileRef = 30B101312F654F47009B5DA5 /* DOanTests.swift */; };
		30B1013C2F654F47009B5DA5 /* DOanUITests.swift in Sources */ = {isa = PBXBuildFile; fileRef = 30B1013B2F654F47009B5DA5 /* DOanUITests.swift */; };
		30B1013E2F654F48009B5DA5 /* DOanUITestsLaunchTests.swift in Sources */ = {isa = PBXBuildFile; fileRef = 30B1013D2F654F48009B5DA5 /* DOanUITestsLaunchTests.swift */; };
		30B101812F6560D9009B5DA5 /* RoomManagementViewController.swift in Sources */ = {isa = PBXBuildFile; fileRef = 30B101802F6560D9009B5DA5 /* RoomManagementViewController.swift */; };
		30C1F7FE2F66CC5100D92F10 /* RevenueViewController.swift in Sources */ = {isa = PBXBuildFile; fileRef = 30C1F7FD2F66CC5100D92F10 /* RevenueViewController.swift */; };
		30C1F8002F66D2BB00D92F10 /* InvoiceDetailViewController.swift in Sources */ = {isa = PBXBuildFile; fileRef = 30C1F7FF2F66D2BB00D92F10 /* InvoiceDetailViewController.swift */; };
/* End PBXBuildFile section */

/* Begin PBXContainerItemProxy section */
		30B1012E2F654F47009B5DA5 /* PBXContainerItemProxy */ = {
			isa = PBXContainerItemProxy;
			containerPortal = 30B1010F2F654F46009B5DA5 /* Project object */;
			proxyType = 1;
			remoteGlobalIDString = 30B101162F654F46009B5DA5;
			remoteInfo = DOan;
		};
		30B101382F654F47009B5DA5 /* PBXContainerItemProxy */ = {
			isa = PBXContainerItemProxy;
			containerPortal = 30B1010F2F654F46009B5DA5 /* Project object */;
			proxyType = 1;
			remoteGlobalIDString = 30B101162F654F46009B5DA5;
			remoteInfo = DOan;
		};
/* End PBXContainerItemProxy section */

/* Begin PBXFileReference section */
		3010DCC62F66A9B1002EE101 /* RoomDetailViewController.swift */ = {isa = PBXFileReference; lastKnownFileType = sourcecode.swift; path = RoomDetailViewController.swift; sourceTree = "<group>"; };
		3010DCC82F66BE0D002EE101 /* Service.swift */ = {isa = PBXFileReference; lastKnownFileType = sourcecode.swift; path = Service.swift; sourceTree = "<group>"; };
		3010DCCA2F66BF16002EE101 /* ServiceManagementViewController.swift */ = {isa = PBXFileReference; lastKnownFileType = sourcecode.swift; path = ServiceManagementViewController.swift; sourceTree = "<group>"; };
		3010DCCC2F66C304002EE101 /* ServiceDetailViewController.swift */ = {isa = PBXFileReference; lastKnownFileType = sourcecode.swift; path = ServiceDetailViewController.swift; sourceTree = "<group>"; };
		3010DCCE2F66C673002EE101 /* Invoice.swift */ = {isa = PBXFileReference; lastKnownFileType = sourcecode.swift; path = Invoice.swift; sourceTree = "<group>"; };
		3039D3352F786032005CAB99 /* ServiceTableViewCell.swift */ = {isa = PBXFileReference; lastKnownFileType = sourcecode.swift; path = ServiceTableViewCell.swift; sourceTree = "<group>"; };
		3039D3372F786797005CAB99 /* InvoiceTableViewCell.swift */ = {isa = PBXFileReference; lastKnownFileType = sourcecode.swift; path = InvoiceTableViewCell.swift; sourceTree = "<group>"; };
		3080AFE62F77CF9F00F97C5C /* Promotion.swift */ = {isa = PBXFileReference; lastKnownFileType = sourcecode.swift; path = Promotion.swift; sourceTree = "<group>"; };
		3080AFE82F77D16C00F97C5C /* PromotionViewController.swift */ = {isa = PBXFileReference; lastKnownFileType = sourcecode.swift; path = PromotionViewController.swift; sourceTree = "<group>"; };
		308C2B0F2F656E9700E3EE04 /* Room.swift */ = {isa = PBXFileReference; lastKnownFileType = sourcecode.swift; path = Room.swift; sourceTree = "<group>"; };
		30A9999A2F7845C4001E5C45 /* RoomTableViewCell.swift */ = {isa = PBXFileReference; lastKnownFileType = sourcecode.swift; path = RoomTableViewCell.swift; sourceTree = "<group>"; };
		30B101172F654F46009B5DA5 /* DOan.app */ = {isa = PBXFileReference; explicitFileType = wrapper.application; includeInIndex = 0; path = DOan.app; sourceTree = BUILT_PRODUCTS_DIR; };
		30B1011A2F654F46009B5DA5 /* AppDelegate.swift */ = {isa = PBXFileReference; lastKnownFileType = sourcecode.swift; path = AppDelegate.swift; sourceTree = "<group>"; };
		30B1011C2F654F46009B5DA5 /* SceneDelegate.swift */ = {isa = PBXFileReference; lastKnownFileType = sourcecode.swift; path = SceneDelegate.swift; sourceTree = "<group>"; };
		30B1011E2F654F46009B5DA5 /* ViewController.swift */ = {isa = PBXFileReference; lastKnownFileType = sourcecode.swift; path = ViewController.swift; sourceTree = "<group>"; };
		30B101212F654F46009B5DA5 /* Base */ = {isa = PBXFileReference; lastKnownFileType = file.storyboard; name = Base; path = Base.lproj/Main.storyboard; sourceTree = "<group>"; };
		30B101232F654F47009B5DA5 /* Assets.xcassets */ = {isa = PBXFileReference; lastKnownFileType = folder.assetcatalog; path = Assets.xcassets; sourceTree = "<group>"; };
		30B101262F654F47009B5DA5 /* Base */ = {isa = PBXFileReference; lastKnownFileType = file.storyboard; name = Base; path = Base.lproj/LaunchScreen.storyboard; sourceTree = "<group>"; };
		30B101282F654F47009B5DA5 /* Info.plist */ = {isa = PBXFileReference; lastKnownFileType = text.plist.xml; path = Info.plist; sourceTree = "<group>"; };
		30B1012D2F654F47009B5DA5 /* DOanTests.xctest */ = {isa = PBXFileReference; explicitFileType = wrapper.cfbundle; includeInIndex = 0; path = DOanTests.xctest; sourceTree = BUILT_PRODUCTS_DIR; };
		30B101312F654F47009B5DA5 /* DOanTests.swift */ = {isa = PBXFileReference; lastKnownFileType = sourcecode.swift; path = DOanTests.swift; sourceTree = "<group>"; };
		30B101372F654F47009B5DA5 /* DOanUITests.xctest */ = {isa = PBXFileReference; explicitFileType = wrapper.cfbundle; includeInIndex = 0; path = DOanUITests.xctest; sourceTree = BUILT_PRODUCTS_DIR; };
		30B1013B2F654F47009B5DA5 /* DOanUITests.swift */ = {isa = PBXFileReference; lastKnownFileType = sourcecode.swift; path = DOanUITests.swift; sourceTree = "<group>"; };
		30B1013D2F654F48009B5DA5 /* DOanUITestsLaunchTests.swift */ = {isa = PBXFileReference; lastKnownFileType = sourcecode.swift; path = DOanUITestsLaunchTests.swift; sourceTree = "<group>"; };
		30B101802F6560D9009B5DA5 /* RoomManagementViewController.swift */ = {isa = PBXFileReference; lastKnownFileType = sourcecode.swift; path = RoomManagementViewController.swift; sourceTree = "<group>"; };
		30C1F7FD2F66CC5100D92F10 /* RevenueViewController.swift */ = {isa = PBXFileReference; lastKnownFileType = sourcecode.swift; path = RevenueViewController.swift; sourceTree = "<group>"; };
		30C1F7FF2F66D2BB00D92F10 /* InvoiceDetailViewController.swift */ = {isa = PBXFileReference; lastKnownFileType = sourcecode.swift; path = InvoiceDetailViewController.swift; sourceTree = "<group>"; };
/* End PBXFileReference section */

/* Begin PBXFrameworksBuildPhase section */
		30B101142F654F46009B5DA5 /* Frameworks */ = {
			isa = PBXFrameworksBuildPhase;
			buildActionMask = 2147483647;
			files = (
			);
			runOnlyForDeploymentPostprocessing = 0;
		};
		30B1012A2F654F47009B5DA5 /* Frameworks */ = {
			isa = PBXFrameworksBuildPhase;
			buildActionMask = 2147483647;
			files = (
			);
			runOnlyForDeploymentPostprocessing = 0;
		};
		30B101342F654F47009B5DA5 /* Frameworks */ = {
			isa = PBXFrameworksBuildPhase;
			buildActionMask = 2147483647;
			files = (
			);
			runOnlyForDeploymentPostprocessing = 0;
		};
/* End PBXFrameworksBuildPhase section */

/* Begin PBXGroup section */
		30B1010E2F654F46009B5DA5 = {
			isa = PBXGroup;
			children = (
				30B101192F654F46009B5DA5 /* DOan */,
				30B101302F654F47009B5DA5 /* DOanTests */,
				30B1013A2F654F47009B5DA5 /* DOanUITests */,
				30B101182F654F46009B5DA5 /* Products */,
			);
			sourceTree = "<group>";
		};
		30B101182F654F46009B5DA5 /* Products */ = {
			isa = PBXGroup;
			children = (
				30B101172F654F46009B5DA5 /* DOan.app */,
				30B1012D2F654F47009B5DA5 /* DOanTests.xctest */,
				30B101372F654F47009B5DA5 /* DOanUITests.xctest */,
			);
			name = Products;
			sourceTree = "<group>";
		};
		30B101192F654F46009B5DA5 /* DOan */ = {
			isa = PBXGroup;
			children = (
				30C1F7FD2F66CC5100D92F10 /* RevenueViewController.swift */,
				308C2B0F2F656E9700E3EE04 /* Room.swift */,
				30B1011A2F654F46009B5DA5 /* AppDelegate.swift */,
				30B1011C2F654F46009B5DA5 /* SceneDelegate.swift */,
				30B1011E2F654F46009B5DA5 /* ViewController.swift */,
				30B101202F654F46009B5DA5 /* Main.storyboard */,
				3080AFE62F77CF9F00F97C5C /* Promotion.swift */,
				30C1F7FF2F66D2BB00D92F10 /* InvoiceDetailViewController.swift */,
				3010DCCE2F66C673002EE101 /* Invoice.swift */,
				3010DCCC2F66C304002EE101 /* ServiceDetailViewController.swift */,
				3010DCCA2F66BF16002EE101 /* ServiceManagementViewController.swift */,
				3010DCC82F66BE0D002EE101 /* Service.swift */,
				3010DCC62F66A9B1002EE101 /* RoomDetailViewController.swift */,
				30B101232F654F47009B5DA5 /* Assets.xcassets */,
				30B101252F654F47009B5DA5 /* LaunchScreen.storyboard */,
				30B101282F654F47009B5DA5 /* Info.plist */,
				30B101802F6560D9009B5DA5 /* RoomManagementViewController.swift */,
				3080AFE82F77D16C00F97C5C /* PromotionViewController.swift */,
				30A9999A2F7845C4001E5C45 /* RoomTableViewCell.swift */,
				3039D3352F786032005CAB99 /* ServiceTableViewCell.swift */,
				3039D3372F786797005CAB99 /* InvoiceTableViewCell.swift */,
			);
			path = DOan;
			sourceTree = "<group>";
		};
		30B101302F654F47009B5DA5 /* DOanTests */ = {
			isa = PBXGroup;
			children = (
				30B101312F654F47009B5DA5 /* DOanTests.swift */,
			);
			path = DOanTests;
			sourceTree = "<group>";
		};
		30B1013A2F654F47009B5DA5 /* DOanUITests */ = {
			isa = PBXGroup;
			children = (
				30B1013B2F654F47009B5DA5 /* DOanUITests.swift */,
				30B1013D2F654F48009B5DA5 /* DOanUITestsLaunchTests.swift */,
			);
			path = DOanUITests;
			sourceTree = "<group>";
		};
/* End PBXGroup section */

/* Begin PBXNativeTarget section */
		30B101162F654F46009B5DA5 /* DOan */ = {
			isa = PBXNativeTarget;
			buildConfigurationList = 30B101412F654F48009B5DA5 /* Build configuration list for PBXNativeTarget "DOan" */;
			buildPhases = (
				30B101132F654F46009B5DA5 /* Sources */,
				30B101142F654F46009B5DA5 /* Frameworks */,
				30B101152F654F46009B5DA5 /* Resources */,
			);
			buildRules = (
			);
			dependencies = (
			);
			name = DOan;
			productName = DOan;
			productReference = 30B101172F654F46009B5DA5 /* DOan.app */;
			productType = "com.apple.product-type.application";
		};
		30B1012C2F654F47009B5DA5 /* DOanTests */ = {
			isa = PBXNativeTarget;
			buildConfigurationList = 30B101442F654F48009B5DA5 /* Build configuration list for PBXNativeTarget "DOanTests" */;
			buildPhases = (
				30B101292F654F47009B5DA5 /* Sources */,
				30B1012A2F654F47009B5DA5 /* Frameworks */,
				30B1012B2F654F47009B5DA5 /* Resources */,
			);
			buildRules = (
			);
			dependencies = (
				30B1012F2F654F47009B5DA5 /* PBXTargetDependency */,
			);
			name = DOanTests;
			productName = DOanTests;
			productReference = 30B1012D2F654F47009B5DA5 /* DOanTests.xctest */;
			productType = "com.apple.product-type.bundle.unit-test";
		};
		30B101362F654F47009B5DA5 /* DOanUITests */ = {
			isa = PBXNativeTarget;
			buildConfigurationList = 30B101472F654F48009B5DA5 /* Build configuration list for PBXNativeTarget "DOanUITests" */;
			buildPhases = (
				30B101332F654F47009B5DA5 /* Sources */,
				30B101342F654F47009B5DA5 /* Frameworks */,
				30B101352F654F47009B5DA5 /* Resources */,
			);
			buildRules = (
			);
			dependencies = (
				30B101392F654F47009B5DA5 /* PBXTargetDependency */,
			);
			name = DOanUITests;
			productName = DOanUITests;
			productReference = 30B101372F654F47009B5DA5 /* DOanUITests.xctest */;
			productType = "com.apple.product-type.bundle.ui-testing";
		};
/* End PBXNativeTarget section */

/* Begin PBXProject section */
		30B1010F2F654F46009B5DA5 /* Project object */ = {
			isa = PBXProject;
			attributes = {
				BuildIndependentTargetsInParallel = 1;
				LastSwiftUpdateCheck = 1420;
				LastUpgradeCheck = 1420;
				TargetAttributes = {
					30B101162F654F46009B5DA5 = {
						CreatedOnToolsVersion = 14.2;
					};
					30B1012C2F654F47009B5DA5 = {
						CreatedOnToolsVersion = 14.2;
						TestTargetID = 30B101162F654F46009B5DA5;
					};
					30B101362F654F47009B5DA5 = {
						CreatedOnToolsVersion = 14.2;
						TestTargetID = 30B101162F654F46009B5DA5;
					};
				};
			};
			buildConfigurationList = 30B101122F654F46009B5DA5 /* Build configuration list for PBXProject "DOan" */;
			compatibilityVersion = "Xcode 14.0";
			developmentRegion = en;
			hasScannedForEncodings = 0;
			knownRegions = (
				en,
				Base,
			);
			mainGroup = 30B1010E2F654F46009B5DA5;
			productRefGroup = 30B101182F654F46009B5DA5 /* Products */;
			projectDirPath = "";
			projectRoot = "";
			targets = (
				30B101162F654F46009B5DA5 /* DOan */,
				30B1012C2F654F47009B5DA5 /* DOanTests */,
				30B101362F654F47009B5DA5 /* DOanUITests */,
			);
		};
/* End PBXProject section */

/* Begin PBXResourcesBuildPhase section */
		30B101152F654F46009B5DA5 /* Resources */ = {
			isa = PBXResourcesBuildPhase;
			buildActionMask = 2147483647;
			files = (
				30B101272F654F47009B5DA5 /* LaunchScreen.storyboard in Resources */,
				30B101242F654F47009B5DA5 /* Assets.xcassets in Resources */,
				30B101222F654F46009B5DA5 /* Main.storyboard in Resources */,
			);
			runOnlyForDeploymentPostprocessing = 0;
		};
		30B1012B2F654F47009B5DA5 /* Resources */ = {
			isa = PBXResourcesBuildPhase;
			buildActionMask = 2147483647;
			files = (
			);
			runOnlyForDeploymentPostprocessing = 0;
		};
		30B101352F654F47009B5DA5 /* Resources */ = {
			isa = PBXResourcesBuildPhase;
			buildActionMask = 2147483647;
			files = (
			);
			runOnlyForDeploymentPostprocessing = 0;
		};
/* End PBXResourcesBuildPhase section */

/* Begin PBXSourcesBuildPhase section */
		30B101132F654F46009B5DA5 /* Sources */ = {
			isa = PBXSourcesBuildPhase;
			buildActionMask = 2147483647;
			files = (
				3010DCC72F66A9B1002EE101 /* RoomDetailViewController.swift in Sources */,
				30C1F8002F66D2BB00D92F10 /* InvoiceDetailViewController.swift in Sources */,
				3010DCC92F66BE0D002EE101 /* Service.swift in Sources */,
				30B1011F2F654F46009B5DA5 /* ViewController.swift in Sources */,
				30B1011B2F654F46009B5DA5 /* AppDelegate.swift in Sources */,
				30B101812F6560D9009B5DA5 /* RoomManagementViewController.swift in Sources */,
				30A9999B2F7845C4001E5C45 /* RoomTableViewCell.swift in Sources */,
				3080AFE92F77D16C00F97C5C /* PromotionViewController.swift in Sources */,
				3010DCCD2F66C304002EE101 /* ServiceDetailViewController.swift in Sources */,
				3039D3362F786032005CAB99 /* ServiceTableViewCell.swift in Sources */,
				30C1F7FE2F66CC5100D92F10 /* RevenueViewController.swift in Sources */,
				3010DCCB2F66BF16002EE101 /* ServiceManagementViewController.swift in Sources */,
				3010DCCF2F66C673002EE101 /* Invoice.swift in Sources */,
				30B1011D2F654F46009B5DA5 /* SceneDelegate.swift in Sources */,
				3080AFE72F77CF9F00F97C5C /* Promotion.swift in Sources */,
				3039D3382F786797005CAB99 /* InvoiceTableViewCell.swift in Sources */,
				308C2B102F656E9700E3EE04 /* Room.swift in Sources */,
			);
			runOnlyForDeploymentPostprocessing = 0;
		};
		30B101292F654F47009B5DA5 /* Sources */ = {
			isa = PBXSourcesBuildPhase;
			buildActionMask = 2147483647;
			files = (
				30B101322F654F47009B5DA5 /* DOanTests.swift in Sources */,
			);
			runOnlyForDeploymentPostprocessing = 0;
		};
		30B101332F654F47009B5DA5 /* Sources */ = {
			isa = PBXSourcesBuildPhase;
			buildActionMask = 2147483647;
			files = (
				30B1013E2F654F48009B5DA5 /* DOanUITestsLaunchTests.swift in Sources */,
				30B1013C2F654F47009B5DA5 /* DOanUITests.swift in Sources */,
			);
			runOnlyForDeploymentPostprocessing = 0;
		};
/* End PBXSourcesBuildPhase section */

/* Begin PBXTargetDependency section */
		30B1012F2F654F47009B5DA5 /* PBXTargetDependency */ = {
			isa = PBXTargetDependency;
			target = 30B101162F654F46009B5DA5 /* DOan */;
			targetProxy = 30B1012E2F654F47009B5DA5 /* PBXContainerItemProxy */;
		};
		30B101392F654F47009B5DA5 /* PBXTargetDependency */ = {
			isa = PBXTargetDependency;
			target = 30B101162F654F46009B5DA5 /* DOan */;
			targetProxy = 30B101382F654F47009B5DA5 /* PBXContainerItemProxy */;
		};
/* End PBXTargetDependency section */

/* Begin PBXVariantGroup section */
		30B101202F654F46009B5DA5 /* Main.storyboard */ = {
			isa = PBXVariantGroup;
			children = (
				30B101212F654F46009B5DA5 /* Base */,
			);
			name = Main.storyboard;
			sourceTree = "<group>";
		};
		30B101252F654F47009B5DA5 /* LaunchScreen.storyboard */ = {
			isa = PBXVariantGroup;
			children = (
				30B101262F654F47009B5DA5 /* Base */,
			);
			name = LaunchScreen.storyboard;
			sourceTree = "<group>";
		};
/* End PBXVariantGroup section */

/* Begin XCBuildConfiguration section */
		30B1013F2F654F48009B5DA5 /* Debug */ = {
			isa = XCBuildConfiguration;
			buildSettings = {
				ALWAYS_SEARCH_USER_PATHS = NO;
				CLANG_ANALYZER_NONNULL = YES;
				CLANG_ANALYZER_NUMBER_OBJECT_CONVERSION = YES_AGGRESSIVE;
				CLANG_CXX_LANGUAGE_STANDARD = "gnu++20";
				CLANG_ENABLE_MODULES = YES;
				CLANG_ENABLE_OBJC_ARC = YES;
				CLANG_ENABLE_OBJC_WEAK = YES;
				CLANG_WARN_BLOCK_CAPTURE_AUTORELEASING = YES;
				CLANG_WARN_BOOL_CONVERSION = YES;
				CLANG_WARN_COMMA = YES;
				CLANG_WARN_CONSTANT_CONVERSION = YES;
				CLANG_WARN_DEPRECATED_OBJC_IMPLEMENTATIONS = YES;
				CLANG_WARN_DIRECT_OBJC_ISA_USAGE = YES_ERROR;
				CLANG_WARN_DOCUMENTATION_COMMENTS = YES;
				CLANG_WARN_EMPTY_BODY = YES;
				CLANG_WARN_ENUM_CONVERSION = YES;
				CLANG_WARN_INFINITE_RECURSION = YES;
				CLANG_WARN_INT_CONVERSION = YES;
				CLANG_WARN_NON_LITERAL_NULL_CONVERSION = YES;
				CLANG_WARN_OBJC_IMPLICIT_RETAIN_SELF = YES;
				CLANG_WARN_OBJC_LITERAL_CONVERSION = YES;
				CLANG_WARN_OBJC_ROOT_CLASS = YES_ERROR;
				CLANG_WARN_QUOTED_INCLUDE_IN_FRAMEWORK_HEADER = YES;
				CLANG_WARN_RANGE_LOOP_ANALYSIS = YES;
				CLANG_WARN_STRICT_PROTOTYPES = YES;
				CLANG_WARN_SUSPICIOUS_MOVE = YES;
				CLANG_WARN_UNGUARDED_AVAILABILITY = YES_AGGRESSIVE;
				CLANG_WARN_UNREACHABLE_CODE = YES;
				CLANG_WARN__DUPLICATE_METHOD_MATCH = YES;
				COPY_PHASE_STRIP = NO;
				DEBUG_INFORMATION_FORMAT = dwarf;
				ENABLE_STRICT_OBJC_MSGSEND = YES;
				ENABLE_TESTABILITY = YES;
				GCC_C_LANGUAGE_STANDARD = gnu11;
				GCC_DYNAMIC_NO_PIC = NO;
				GCC_NO_COMMON_BLOCKS = YES;
				GCC_OPTIMIZATION_LEVEL = 0;
				GCC_PREPROCESSOR_DEFINITIONS = (
					"DEBUG=1",
					"$(inherited)",
				);
				GCC_WARN_64_TO_32_BIT_CONVERSION = YES;
				GCC_WARN_ABOUT_RETURN_TYPE = YES_ERROR;
				GCC_WARN_UNDECLARED_SELECTOR = YES;
				GCC_WARN_UNINITIALIZED_AUTOS = YES_AGGRESSIVE;
				GCC_WARN_UNUSED_FUNCTION = YES;
				GCC_WARN_UNUSED_VARIABLE = YES;
				IPHONEOS_DEPLOYMENT_TARGET = 16.2;
				MTL_ENABLE_DEBUG_INFO = INCLUDE_SOURCE;
				MTL_FAST_MATH = YES;
				ONLY_ACTIVE_ARCH = YES;
				SDKROOT = iphoneos;
				SWIFT_ACTIVE_COMPILATION_CONDITIONS = DEBUG;
				SWIFT_OPTIMIZATION_LEVEL = "-Onone";
			};
			name = Debug;
		};
		30B101402F654F48009B5DA5 /* Release */ = {
			isa = XCBuildConfiguration;
			buildSettings = {
				ALWAYS_SEARCH_USER_PATHS = NO;
				CLANG_ANALYZER_NONNULL = YES;
				CLANG_ANALYZER_NUMBER_OBJECT_CONVERSION = YES_AGGRESSIVE;
				CLANG_CXX_LANGUAGE_STANDARD = "gnu++20";
				CLANG_ENABLE_MODULES = YES;
				CLANG_ENABLE_OBJC_ARC = YES;
				CLANG_ENABLE_OBJC_WEAK = YES;
				CLANG_WARN_BLOCK_CAPTURE_AUTORELEASING = YES;
				CLANG_WARN_BOOL_CONVERSION = YES;
				CLANG_WARN_COMMA = YES;
				CLANG_WARN_CONSTANT_CONVERSION = YES;
				CLANG_WARN_DEPRECATED_OBJC_IMPLEMENTATIONS = YES;
				CLANG_WARN_DIRECT_OBJC_ISA_USAGE = YES_ERROR;
				CLANG_WARN_DOCUMENTATION_COMMENTS = YES;
				CLANG_WARN_EMPTY_BODY = YES;
				CLANG_WARN_ENUM_CONVERSION = YES;
				CLANG_WARN_INFINITE_RECURSION = YES;
				CLANG_WARN_INT_CONVERSION = YES;
				CLANG_WARN_NON_LITERAL_NULL_CONVERSION = YES;
				CLANG_WARN_OBJC_IMPLICIT_RETAIN_SELF = YES;
				CLANG_WARN_OBJC_LITERAL_CONVERSION = YES;
				CLANG_WARN_OBJC_ROOT_CLASS = YES_ERROR;
				CLANG_WARN_QUOTED_INCLUDE_IN_FRAMEWORK_HEADER = YES;
				CLANG_WARN_RANGE_LOOP_ANALYSIS = YES;
				CLANG_WARN_STRICT_PROTOTYPES = YES;
				CLANG_WARN_SUSPICIOUS_MOVE = YES;
				CLANG_WARN_UNGUARDED_AVAILABILITY = YES_AGGRESSIVE;
				CLANG_WARN_UNREACHABLE_CODE = YES;
				CLANG_WARN__DUPLICATE_METHOD_MATCH = YES;
				COPY_PHASE_STRIP = NO;
				DEBUG_INFORMATION_FORMAT = "dwarf-with-dsym";
				ENABLE_NS_ASSERTIONS = NO;
				ENABLE_STRICT_OBJC_MSGSEND = YES;
				GCC_C_LANGUAGE_STANDARD = gnu11;
				GCC_NO_COMMON_BLOCKS = YES;
				GCC_WARN_64_TO_32_BIT_CONVERSION = YES;
				GCC_WARN_ABOUT_RETURN_TYPE = YES_ERROR;
				GCC_WARN_UNDECLARED_SELECTOR = YES;
				GCC_WARN_UNINITIALIZED_AUTOS = YES_AGGRESSIVE;
				GCC_WARN_UNUSED_FUNCTION = YES;
				GCC_WARN_UNUSED_VARIABLE = YES;
				IPHONEOS_DEPLOYMENT_TARGET = 16.2;
				MTL_ENABLE_DEBUG_INFO = NO;
				MTL_FAST_MATH = YES;
				SDKROOT = iphoneos;
				SWIFT_COMPILATION_MODE = wholemodule;
				SWIFT_OPTIMIZATION_LEVEL = "-O";
				VALIDATE_PRODUCT = YES;
			};
			name = Release;
		};
		30B101422F654F48009B5DA5 /* Debug */ = {
			isa = XCBuildConfiguration;
			buildSettings = {
				ASSETCATALOG_COMPILER_APPICON_NAME = AppIcon;
				ASSETCATALOG_COMPILER_GLOBAL_ACCENT_COLOR_NAME = AccentColor;
				CODE_SIGN_STYLE = Automatic;
				CURRENT_PROJECT_VERSION = 1;
				GENERATE_INFOPLIST_FILE = YES;
				INFOPLIST_FILE = DOan/Info.plist;
				INFOPLIST_KEY_UIApplicationSupportsIndirectInputEvents = YES;
				INFOPLIST_KEY_UILaunchStoryboardName = LaunchScreen;
				INFOPLIST_KEY_UIMainStoryboardFile = Main;
				INFOPLIST_KEY_UISupportedInterfaceOrientations_iPad = "UIInterfaceOrientationPortrait UIInterfaceOrientationPortraitUpsideDown UIInterfaceOrientationLandscapeLeft UIInterfaceOrientationLandscapeRight";
				INFOPLIST_KEY_UISupportedInterfaceOrientations_iPhone = "UIInterfaceOrientationPortrait UIInterfaceOrientationLandscapeLeft UIInterfaceOrientationLandscapeRight";
				LD_RUNPATH_SEARCH_PATHS = (
					"$(inherited)",
					"@executable_path/Frameworks",
				);
				MARKETING_VERSION = 1.0;
				PRODUCT_BUNDLE_IDENTIFIER = m2.DOan;
				PRODUCT_NAME = "$(TARGET_NAME)";
				SWIFT_EMIT_LOC_STRINGS = YES;
				SWIFT_VERSION = 5.0;
				TARGETED_DEVICE_FAMILY = "1,2";
			};
			name = Debug;
		};
		30B101432F654F48009B5DA5 /* Release */ = {
			isa = XCBuildConfiguration;
			buildSettings = {
				ASSETCATALOG_COMPILER_APPICON_NAME = AppIcon;
				ASSETCATALOG_COMPILER_GLOBAL_ACCENT_COLOR_NAME = AccentColor;
				CODE_SIGN_STYLE = Automatic;
				CURRENT_PROJECT_VERSION = 1;
				GENERATE_INFOPLIST_FILE = YES;
				INFOPLIST_FILE = DOan/Info.plist;
				INFOPLIST_KEY_UIApplicationSupportsIndirectInputEvents = YES;
				INFOPLIST_KEY_UILaunchStoryboardName = LaunchScreen;
				INFOPLIST_KEY_UIMainStoryboardFile = Main;
				INFOPLIST_KEY_UISupportedInterfaceOrientations_iPad = "UIInterfaceOrientationPortrait UIInterfaceOrientationPortraitUpsideDown UIInterfaceOrientationLandscapeLeft UIInterfaceOrientationLandscapeRight";
				INFOPLIST_KEY_UISupportedInterfaceOrientations_iPhone = "UIInterfaceOrientationPortrait UIInterfaceOrientationLandscapeLeft UIInterfaceOrientationLandscapeRight";
				LD_RUNPATH_SEARCH_PATHS = (
					"$(inherited)",
					"@executable_path/Frameworks",
				);
				MARKETING_VERSION = 1.0;
				PRODUCT_BUNDLE_IDENTIFIER = m2.DOan;
				PRODUCT_NAME = "$(TARGET_NAME)";
				SWIFT_EMIT_LOC_STRINGS = YES;
				SWIFT_VERSION = 5.0;
				TARGETED_DEVICE_FAMILY = "1,2";
			};
			name = Release;
		};
		30B101452F654F48009B5DA5 /* Debug */ = {
			isa = XCBuildConfiguration;
			buildSettings = {
				ALWAYS_EMBED_SWIFT_STANDARD_LIBRARIES = YES;
				BUNDLE_LOADER = "$(TEST_HOST)";
				CODE_SIGN_STYLE = Automatic;
				CURRENT_PROJECT_VERSION = 1;
				GENERATE_INFOPLIST_FILE = YES;
				IPHONEOS_DEPLOYMENT_TARGET = 16.2;
				MARKETING_VERSION = 1.0;
				PRODUCT_BUNDLE_IDENTIFIER = m2.DOanTests;
				PRODUCT_NAME = "$(TARGET_NAME)";
				SWIFT_EMIT_LOC_STRINGS = NO;
				SWIFT_VERSION = 5.0;
				TARGETED_DEVICE_FAMILY = "1,2";
				TEST_HOST = "$(BUILT_PRODUCTS_DIR)/DOan.app/$(BUNDLE_EXECUTABLE_FOLDER_PATH)/DOan";
			};
			name = Debug;
		};
		30B101462F654F48009B5DA5 /* Release */ = {
			isa = XCBuildConfiguration;
			buildSettings = {
				ALWAYS_EMBED_SWIFT_STANDARD_LIBRARIES = YES;
				BUNDLE_LOADER = "$(TEST_HOST)";
				CODE_SIGN_STYLE = Automatic;
				CURRENT_PROJECT_VERSION = 1;
				GENERATE_INFOPLIST_FILE = YES;
				IPHONEOS_DEPLOYMENT_TARGET = 16.2;
				MARKETING_VERSION = 1.0;
				PRODUCT_BUNDLE_IDENTIFIER = m2.DOanTests;
				PRODUCT_NAME = "$(TARGET_NAME)";
				SWIFT_EMIT_LOC_STRINGS = NO;
				SWIFT_VERSION = 5.0;
				TARGETED_DEVICE_FAMILY = "1,2";
				TEST_HOST = "$(BUILT_PRODUCTS_DIR)/DOan.app/$(BUNDLE_EXECUTABLE_FOLDER_PATH)/DOan";
			};
			name = Release;
		};
		30B101482F654F48009B5DA5 /* Debug */ = {
			isa = XCBuildConfiguration;
			buildSettings = {
				ALWAYS_EMBED_SWIFT_STANDARD_LIBRARIES = YES;
				CODE_SIGN_STYLE = Automatic;
				CURRENT_PROJECT_VERSION = 1;
				GENERATE_INFOPLIST_FILE = YES;
				MARKETING_VERSION = 1.0;
				PRODUCT_BUNDLE_IDENTIFIER = m2.DOanUITests;
				PRODUCT_NAME = "$(TARGET_NAME)";
				SWIFT_EMIT_LOC_STRINGS = NO;
				SWIFT_VERSION = 5.0;
				TARGETED_DEVICE_FAMILY = "1,2";
				TEST_TARGET_NAME = DOan;
			};
			name = Debug;
		};
		30B101492F654F48009B5DA5 /* Release */ = {
			isa = XCBuildConfiguration;
			buildSettings = {
				ALWAYS_EMBED_SWIFT_STANDARD_LIBRARIES = YES;
				CODE_SIGN_STYLE = Automatic;
				CURRENT_PROJECT_VERSION = 1;
				GENERATE_INFOPLIST_FILE = YES;
				MARKETING_VERSION = 1.0;
				PRODUCT_BUNDLE_IDENTIFIER = m2.DOanUITests;
				PRODUCT_NAME = "$(TARGET_NAME)";
				SWIFT_EMIT_LOC_STRINGS = NO;
				SWIFT_VERSION = 5.0;
				TARGETED_DEVICE_FAMILY = "1,2";
				TEST_TARGET_NAME = DOan;
			};
			name = Release;
		};
/* End XCBuildConfiguration section */

/* Begin XCConfigurationList section */
		30B101122F654F46009B5DA5 /* Build configuration list for PBXProject "DOan" */ = {
			isa = XCConfigurationList;
			buildConfigurations = (
				30B1013F2F654F48009B5DA5 /* Debug */,
				30B101402F654F48009B5DA5 /* Release */,
			);
			defaultConfigurationIsVisible = 0;
			defaultConfigurationName = Release;
		};
		30B101412F654F48009B5DA5 /* Build configuration list for PBXNativeTarget "DOan" */ = {
			isa = XCConfigurationList;
			buildConfigurations = (
				30B101422F654F48009B5DA5 /* Debug */,
				30B101432F654F48009B5DA5 /* Release */,
			);
			defaultConfigurationIsVisible = 0;
			defaultConfigurationName = Release;
		};
		30B101442F654F48009B5DA5 /* Build configuration list for PBXNativeTarget "DOanTests" */ = {
			isa = XCConfigurationList;
			buildConfigurations = (
				30B101452F654F48009B5DA5 /* Debug */,
				30B101462F654F48009B5DA5 /* Release */,
			);
			defaultConfigurationIsVisible = 0;
			defaultConfigurationName = Release;
		};
		30B101472F654F48009B5DA5 /* Build configuration list for PBXNativeTarget "DOanUITests" */ = {
			isa = XCConfigurationList;
			buildConfigurations = (
				30B101482F654F48009B5DA5 /* Debug */,
				30B101492F654F48009B5DA5 /* Release */,
			);
			defaultConfigurationIsVisible = 0;
			defaultConfigurationName = Release;
		};
/* End XCConfigurationList section */
	};
	rootObject = 30B1010F2F654F46009B5DA5 /* Project object */;
}
